# This file is autogenerated, do not edit; changes may be undone by the next 'dep ensure'.


[[projects]]
  branch = "master"
  digest = "1:b49732312f88b77a5254eaf4da5053b879de4dbf0fc59115171bc8eaa0443202"
  name = "github.com/google/gousb"
  packages = [
    ".",
    "usbid",
  ]
  pruneopts = "UT"
  revision = "18f4c1d8a750878c4f86ac3d7319b8aa462a79f9"

[solve-meta]
  analyzer-name = "dep"
  analyzer-version = 1
  input-imports = [
    "github.com/google/gousb",
    "github.com/google/gousb/usbid",
  ]
  solver-name = "gps-cdcl"
  solver-version = 1
